// !$*UTF8*$!
{
	archiveVersion = 1;
	classes = {
	};
	objectVersion = 55;
	objects = {

/* Begin PBXBuildFile section */
		AA7871B0E5F163824201B202 /* Pods_Mega_Pig.framework in Frameworks */ = {isa = PBXBuildFile; fileRef = E046CE381845BEA00A9238C2 /* Pods_Mega_Pig.framework */; };
		F5600EB527FECAF60088B771 /* Mega_PigApp.swift in Sources */ = {isa = PBXBuildFile; fileRef = F5600EB427FECAF60088B771 /* Mega_PigApp.swift */; };
		F5600EB727FECAF60088B771 /* ContentView.swift in Sources */ = {isa = PBXBuildFile; fileRef = F5600EB627FECAF60088B771 /* ContentView.swift */; };
		F5600EB927FECAF60088B771 /* Assets.xcassets in Resources */ = {isa = PBXBuildFile; fileRef = F5600EB827FECAF60088B771 /* Assets.xcassets */; };
		F5600EBC27FECAF60088B771 /* Preview Assets.xcassets in Resources */ = {isa = PBXBuildFile; fileRef = F5600EBB27FECAF60088B771 /* Preview Assets.xcassets */; };
		F5AD8B7C2805DFE800BD7E90 /* ReadReceipt.swift in Sources */ = {isa = PBXBuildFile; fileRef = F5AD8B7B2805DFE800BD7E90 /* ReadReceipt.swift */; };
		F5AD8B7F2805E06800BD7E90 /* BuguerKing.swift in Sources */ = {isa = PBXBuildFile; fileRef = F5AD8B7E2805E06800BD7E90 /* BuguerKing.swift */; };
/* End PBXBuildFile section */

/* Begin PBXFileReference section */
		388A9B735FC04C0CDB21CB0B /* Pods-Mega-Pig.debug.xcconfig */ = {isa = PBXFileReference; includeInIndex = 1; lastKnownFileType = text.xcconfig; name = "Pods-Mega-Pig.debug.xcconfig"; path = "Target Support Files/Pods-Mega-Pig/Pods-Mega-Pig.debug.xcconfig"; sourceTree = "<group>"; };
		B55F4E562BB7BC08BCEC51A3 /* Pods-Mega-Pig.release.xcconfig */ = {isa = PBXFileReference; includeInIndex = 1; lastKnownFileType = text.xcconfig; name = "Pods-Mega-Pig.release.xcconfig"; path = "Target Support Files/Pods-Mega-Pig/Pods-Mega-Pig.release.xcconfig"; sourceTree = "<group>"; };
		E046CE381845BEA00A9238C2 /* Pods_Mega_Pig.framework */ = {isa = PBXFileReference; explicitFileType = wrapper.framework; includeInIndex = 0; path = Pods_Mega_Pig.framework; sourceTree = BUILT_PRODUCTS_DIR; };
		F5600EB127FECAF60088B771 /* Mega-Pig.app */ = {isa = PBXFileReference; explicitFileType = wrapper.application; includeInIndex = 0; path = "Mega-Pig.app"; sourceTree = BUILT_PRODUCTS_DIR; };
		F5600EB427FECAF60088B771 /* Mega_PigApp.swift */ = {isa = PBXFileReference; lastKnownFileType = sourcecode.swift; path = Mega_PigApp.swift; sourceTree = "<group>"; };
		F5600EB627FECAF60088B771 /* ContentView.swift */ = {isa = PBXFileReference; lastKnownFileType = sourcecode.swift; path = ContentView.swift; sourceTree = "<group>"; };
		F5600EB827FECAF60088B771 /* Assets.xcassets */ = {isa = PBXFileReference; lastKnownFileType = folder.assetcatalog; path = Assets.xcassets; sourceTree = "<group>"; };
		F5600EBB27FECAF60088B771 /* Preview Assets.xcassets */ = {isa = PBXFileReference; lastKnownFileType = folder.assetcatalog; path = "Preview Assets.xcassets"; sourceTree = "<group>"; };
		F5AD8B7B2805DFE800BD7E90 /* ReadReceipt.swift */ = {isa = PBXFileReference; fileEncoding = 4; lastKnownFileType = sourcecode.swift; path = ReadReceipt.swift; sourceTree = "<group>"; };
		F5AD8B7E2805E06800BD7E90 /* BuguerKing.swift */ = {isa = PBXFileReference; fileEncoding = 4; lastKnownFileType = sourcecode.swift; path = BuguerKing.swift; sourceTree = "<group>"; };
/* End PBXFileReference section */

/* Begin PBXFrameworksBuildPhase section */
		F5600EAE27FECAF60088B771 /* Frameworks */ = {
			isa = PBXFrameworksBuildPhase;
			buildActionMask = 2147483647;
			files = (
				AA7871B0E5F163824201B202 /* Pods_Mega_Pig.framework in Frameworks */,
			);
			runOnlyForDeploymentPostprocessing = 0;
		};
/* End PBXFrameworksBuildPhase section */

/* Begin PBXGroup section */
		0584CC2A67D167350B4F2900 /* Frameworks */ = {
			isa = PBXGroup;
			children = (
				E046CE381845BEA00A9238C2 /* Pods_Mega_Pig.framework */,
			);
			name = Frameworks;
			sourceTree = "<group>";
		};
		5E8E39AFC8D75EFE583374CC /* Pods */ = {
			isa = PBXGroup;
			children = (
				388A9B735FC04C0CDB21CB0B /* Pods-Mega-Pig.debug.xcconfig */,
				B55F4E562BB7BC08BCEC51A3 /* Pods-Mega-Pig.release.xcconfig */,
			);
			path = Pods;
			sourceTree = "<group>";
		};
		F5600EA827FECAF60088B771 = {
			isa = PBXGroup;
			children = (
				F5600EB327FECAF60088B771 /* Mega-Pig */,
				F5600EB227FECAF60088B771 /* Products */,
				5E8E39AFC8D75EFE583374CC /* Pods */,
				0584CC2A67D167350B4F2900 /* Frameworks */,
			);
			sourceTree = "<group>";
		};
		F5600EB227FECAF60088B771 /* Products */ = {
			isa = PBXGroup;
			children = (
				F5600EB127FECAF60088B771 /* Mega-Pig.app */,
			);
			name = Products;
			sourceTree = "<group>";
		};
		F5600EB327FECAF60088B771 /* Mega-Pig */ = {
			isa = PBXGroup;
			children = (
				F5AD8B7D2805E06800BD7E90 /* Info */,
				F5AD8B7A2805DFE800BD7E90 /* OCR */,
				F5600EB427FECAF60088B771 /* Mega_PigApp.swift */,
				F5600EB627FECAF60088B771 /* ContentView.swift */,
				F5600EB827FECAF60088B771 /* Assets.xcassets */,
				F5600EBA27FECAF60088B771 /* Preview Content */,
			);
			path = "Mega-Pig";
			sourceTree = "<group>";
		};
		F5600EBA27FECAF60088B771 /* Preview Content */ = {
			isa = PBXGroup;
			children = (
				F5600EBB27FECAF60088B771 /* Preview Assets.xcassets */,
			);
			path = "Preview Content";
			sourceTree = "<group>";
		};
		F5AD8B7A2805DFE800BD7E90 /* OCR */ = {
			isa = PBXGroup;
			children = (
				F5AD8B7B2805DFE800BD7E90 /* ReadReceipt.swift */,
			);
			path = OCR;
			sourceTree = "<group>";
		};
		F5AD8B7D2805E06800BD7E90 /* Info */ = {
			isa = PBXGroup;
			children = (
				F5AD8B7E2805E06800BD7E90 /* BuguerKing.swift */,
			);
			name = Info;
			path = "../../Test7/Mega-Pig/Mega-Pig/Info";
			sourceTree = "<group>";
		};
/* End PBXGroup section */

/* Begin PBXNativeTarget section */
		F5600EB027FECAF60088B771 /* Mega-Pig */ = {
			isa = PBXNativeTarget;
			buildConfigurationList = F5600EBF27FECAF60088B771 /* Build configuration list for PBXNativeTarget "Mega-Pig" */;
			buildPhases = (
				F371A94B110C71F4F40E6891 /* [CP] Check Pods Manifest.lock */,
				F5600EAD27FECAF60088B771 /* Sources */,
				F5600EAE27FECAF60088B771 /* Frameworks */,
				F5600EAF27FECAF60088B771 /* Resources */,
				6C207BAEABE92BB9066434BB /* [CP] Embed Pods Frameworks */,
				97BA68278C9F20DCA4A0D992 /* [CP] Copy Pods Resources */,
			);
			buildRules = (
			);
			dependencies = (
			);
			name = "Mega-Pig";
			productName = "Mega-Pig";
			productReference = F5600EB127FECAF60088B771 /* Mega-Pig.app */;
			productType = "com.apple.product-type.application";
		};
/* End PBXNativeTarget section */

/* Begin PBXProject section */
		F5600EA927FECAF60088B771 /* Project object */ = {
			isa = PBXProject;
			attributes = {
				BuildIndependentTargetsInParallel = 1;
				LastSwiftUpdateCheck = 1330;
				LastUpgradeCheck = 1330;
				TargetAttributes = {
					F5600EB027FECAF60088B771 = {
						CreatedOnToolsVersion = 13.3;
					};
				};
			};
			buildConfigurationList = F5600EAC27FECAF60088B771 /* Build configuration list for PBXProject "Mega-Pig" */;
			compatibilityVersion = "Xcode 13.0";
			developmentRegion = en;
			hasScannedForEncodings = 0;
			knownRegions = (
				en,
				Base,
			);
			mainGroup = F5600EA827FECAF60088B771;
			productRefGroup = F5600EB227FECAF60088B771 /* Products */;
			projectDirPath = "";
			projectRoot = "";
			targets = (
				F5600EB027FECAF60088B771 /* Mega-Pig */,
			);
		};
/* End PBXProject section */

/* Begin PBXResourcesBuildPhase section */
		F5600EAF27FECAF60088B771 /* Resources */ = {
			isa = PBXResourcesBuildPhase;
			buildActionMask = 2147483647;
			files = (
				F5600EBC27FECAF60088B771 /* Preview Assets.xcassets in Resources */,
				F5600EB927FECAF60088B771 /* Assets.xcassets in Resources */,
			);
			runOnlyForDeploymentPostprocessing = 0;
		};
/* End PBXResourcesBuildPhase section */

/* Begin PBXShellScriptBuildPhase section */
		6C207BAEABE92BB9066434BB /* [CP] Embed Pods Frameworks */ = {
			isa = PBXShellScriptBuildPhase;
			buildActionMask = 2147483647;
			files = (
			);
			inputFileListPaths = (
				"${PODS_ROOT}/Target Support Files/Pods-Mega-Pig/Pods-Mega-Pig-frameworks-${CONFIGURATION}-input-files.xcfilelist",
			);
			name = "[CP] Embed Pods Frameworks";
			outputFileListPaths = (
				"${PODS_ROOT}/Target Support Files/Pods-Mega-Pig/Pods-Mega-Pig-frameworks-${CONFIGURATION}-output-files.xcfilelist",
			);
			runOnlyForDeploymentPostprocessing = 0;
			shellPath = /bin/sh;
			shellScript = "\"${PODS_ROOT}/Target Support Files/Pods-Mega-Pig/Pods-Mega-Pig-frameworks.sh\"\n";
			showEnvVarsInLog = 0;
		};
		97BA68278C9F20DCA4A0D992 /* [CP] Copy Pods Resources */ = {
			isa = PBXShellScriptBuildPhase;
			buildActionMask = 2147483647;
			files = (
			);
			inputFileListPaths = (
				"${PODS_ROOT}/Target Support Files/Pods-Mega-Pig/Pods-Mega-Pig-resources-${CONFIGURATION}-input-files.xcfilelist",
			);
			name = "[CP] Copy Pods Resources";
			outputFileListPaths = (
				"${PODS_ROOT}/Target Support Files/Pods-Mega-Pig/Pods-Mega-Pig-resources-${CONFIGURATION}-output-files.xcfilelist",
			);
			runOnlyForDeploymentPostprocessing = 0;
			shellPath = /bin/sh;
			shellScript = "\"${PODS_ROOT}/Target Support Files/Pods-Mega-Pig/Pods-Mega-Pig-resources.sh\"\n";
			showEnvVarsInLog = 0;
		};
		F371A94B110C71F4F40E6891 /* [CP] Check Pods Manifest.lock */ = {
			isa = PBXShellScriptBuildPhase;
			buildActionMask = 2147483647;
			files = (
			);
			inputFileListPaths = (
			);
			inputPaths = (
				"${PODS_PODFILE_DIR_PATH}/Podfile.lock",
				"${PODS_ROOT}/Manifest.lock",
			);
			name = "[CP] Check Pods Manifest.lock";
			outputFileListPaths = (
			);
			outputPaths = (
				"$(DERIVED_FILE_DIR)/Pods-Mega-Pig-checkManifestLockResult.txt",
			);
			runOnlyForDeploymentPostprocessing = 0;
			shellPath = /bin/sh;
			shellScript = "diff \"${PODS_PODFILE_DIR_PATH}/Podfile.lock\" \"${PODS_ROOT}/Manifest.lock\" > /dev/null\nif [ $? != 0 ] ; then\n    # print error to STDERR\n    echo \"error: The sandbox is not in sync with the Podfile.lock. Run 'pod install' or update your CocoaPods installation.\" >&2\n    exit 1\nfi\n# This output is used by Xcode 'outputs' to avoid re-running this script phase.\necho \"SUCCESS\" > \"${SCRIPT_OUTPUT_FILE_0}\"\n";
			showEnvVarsInLog = 0;
		};
/* End PBXShellScriptBuildPhase section */

/* Begin PBXSourcesBuildPhase section */
		F5600EAD27FECAF60088B771 /* Sources */ = {
			isa = PBXSourcesBuildPhase;
			buildActionMask = 2147483647;
			files = (
				F5600EB727FECAF60088B771 /* ContentView.swift in Sources */,
				F5AD8B7C2805DFE800BD7E90 /* ReadReceipt.swift in Sources */,
				F5AD8B7F2805E06800BD7E90 /* BuguerKing.swift in Sources */,
				F5600EB527FECAF60088B771 /* Mega_PigApp.swift in Sources */,
			);
			runOnlyForDeploymentPostprocessing = 0;
		};
/* End PBXSourcesBuildPhase section */

/* Begin XCBuildConfiguration section */
		F5600EBD27FECAF60088B771 /* Debug */ = {
			isa = XCBuildConfiguration;
			buildSettings = {
				ALWAYS_SEARCH_USER_PATHS = NO;
				CLANG_ANALYZER_NONNULL = YES;
				CLANG_ANALYZER_NUMBER_OBJECT_CONVERSION = YES_AGGRESSIVE;
				CLANG_CXX_LANGUAGE_STANDARD = "gnu++17";
				CLANG_ENABLE_MODULES = YES;
				CLANG_ENABLE_OBJC_ARC = YES;
				CLANG_ENABLE_OBJC_WEAK = YES;
				CLANG_WARN_BLOCK_CAPTURE_AUTORELEASING = YES;
				CLANG_WARN_BOOL_CONVERSION = YES;
				CLANG_WARN_COMMA = YES;
				CLANG_WARN_CONSTANT_CONVERSION = YES;
				CLANG_WARN_DEPRECATED_OBJC_IMPLEMENTATIONS = YES;
				CLANG_WARN_DIRECT_OBJC_ISA_USAGE = YES_ERROR;
				CLANG_WARN_DOCUMENTATION_COMMENTS = YES;
				CLANG_WARN_EMPTY_BODY = YES;
				CLANG_WARN_ENUM_CONVERSION = YES;
				CLANG_WARN_INFINITE_RECURSION = YES;
				CLANG_WARN_INT_CONVERSION = YES;
				CLANG_WARN_NON_LITERAL_NULL_CONVERSION = YES;
				CLANG_WARN_OBJC_IMPLICIT_RETAIN_SELF = YES;
				CLANG_WARN_OBJC_LITERAL_CONVERSION = YES;
				CLANG_WARN_OBJC_ROOT_CLASS = YES_ERROR;
				CLANG_WARN_QUOTED_INCLUDE_IN_FRAMEWORK_HEADER = YES;
				CLANG_WARN_RANGE_LOOP_ANALYSIS = YES;
				CLANG_WARN_STRICT_PROTOTYPES = YES;
				CLANG_WARN_SUSPICIOUS_MOVE = YES;
				CLANG_WARN_UNGUARDED_AVAILABILITY = YES_AGGRESSIVE;
				CLANG_WARN_UNREACHABLE_CODE = YES;
				CLANG_WARN__DUPLICATE_METHOD_MATCH = YES;
				COPY_PHASE_STRIP = NO;
				DEBUG_INFORMATION_FORMAT = dwarf;
				ENABLE_STRICT_OBJC_MSGSEND = YES;
				ENABLE_TESTABILITY = YES;
				GCC_C_LANGUAGE_STANDARD = gnu11;
				GCC_DYNAMIC_NO_PIC = NO;
				GCC_NO_COMMON_BLOCKS = YES;
				GCC_OPTIMIZATION_LEVEL = 0;
				GCC_PREPROCESSOR_DEFINITIONS = (
					"DEBUG=1",
					"$(inherited)",
				);
				GCC_WARN_64_TO_32_BIT_CONVERSION = YES;
				GCC_WARN_ABOUT_RETURN_TYPE = YES_ERROR;
				GCC_WARN_UNDECLARED_SELECTOR = YES;
				GCC_WARN_UNINITIALIZED_AUTOS = YES_AGGRESSIVE;
				GCC_WARN_UNUSED_FUNCTION = YES;
				GCC_WARN_UNUSED_VARIABLE = YES;
				IPHONEOS_DEPLOYMENT_TARGET = 15.4;
				MTL_ENABLE_DEBUG_INFO = INCLUDE_SOURCE;
				MTL_FAST_MATH = YES;
				ONLY_ACTIVE_ARCH = YES;
				SDKROOT = iphoneos;
				SWIFT_ACTIVE_COMPILATION_CONDITIONS = DEBUG;
				SWIFT_OPTIMIZATION_LEVEL = "-Onone";
			};
			name = Debug;
		};
		F5600EBE27FECAF60088B771 /* Release */ = {
			isa = XCBuildConfiguration;
			buildSettings = {
				ALWAYS_SEARCH_USER_PATHS = NO;
				CLANG_ANALYZER_NONNULL = YES;
				CLANG_ANALYZER_NUMBER_OBJECT_CONVERSION = YES_AGGRESSIVE;
				CLANG_CXX_LANGUAGE_STANDARD = "gnu++17";
				CLANG_ENABLE_MODULES = YES;
				CLANG_ENABLE_OBJC_ARC = YES;
				CLANG_ENABLE_OBJC_WEAK = YES;
				CLANG_WARN_BLOCK_CAPTURE_AUTORELEASING = YES;
				CLANG_WARN_BOOL_CONVERSION = YES;
				CLANG_WARN_COMMA = YES;
				CLANG_WARN_CONSTANT_CONVERSION = YES;
				CLANG_WARN_DEPRECATED_OBJC_IMPLEMENTATIONS = YES;
				CLANG_WARN_DIRECT_OBJC_ISA_USAGE = YES_ERROR;
				CLANG_WARN_DOCUMENTATION_COMMENTS = YES;
				CLANG_WARN_EMPTY_BODY = YES;
				CLANG_WARN_ENUM_CONVERSION = YES;
				CLANG_WARN_INFINITE_RECURSION = YES;
				CLANG_WARN_INT_CONVERSION = YES;
				CLANG_WARN_NON_LITERAL_NULL_CONVERSION = YES;
				CLANG_WARN_OBJC_IMPLICIT_RETAIN_SELF = YES;
				CLANG_WARN_OBJC_LITERAL_CONVERSION = YES;
				CLANG_WARN_OBJC_ROOT_CLASS = YES_ERROR;
				CLANG_WARN_QUOTED_INCLUDE_IN_FRAMEWORK_HEADER = YES;
				CLANG_WARN_RANGE_LOOP_ANALYSIS = YES;
				CLANG_WARN_STRICT_PROTOTYPES = YES;
				CLANG_WARN_SUSPICIOUS_MOVE = YES;
				CLANG_WARN_UNGUARDED_AVAILABILITY = YES_AGGRESSIVE;
				CLANG_WARN_UNREACHABLE_CODE = YES;
				CLANG_WARN__DUPLICATE_METHOD_MATCH = YES;
				COPY_PHASE_STRIP = NO;
				DEBUG_INFORMATION_FORMAT = "dwarf-with-dsym";
				ENABLE_NS_ASSERTIONS = NO;
				ENABLE_STRICT_OBJC_MSGSEND = YES;
				GCC_C_LANGUAGE_STANDARD = gnu11;
				GCC_NO_COMMON_BLOCKS = YES;
				GCC_WARN_64_TO_32_BIT_CONVERSION = YES;
				GCC_WARN_ABOUT_RETURN_TYPE = YES_ERROR;
				GCC_WARN_UNDECLARED_SELECTOR = YES;
				GCC_WARN_UNINITIALIZED_AUTOS = YES_AGGRESSIVE;
				GCC_WARN_UNUSED_FUNCTION = YES;
				GCC_WARN_UNUSED_VARIABLE = YES;
				IPHONEOS_DEPLOYMENT_TARGET = 15.4;
				MTL_ENABLE_DEBUG_INFO = NO;
				MTL_FAST_MATH = YES;
				SDKROOT = iphoneos;
				SWIFT_COMPILATION_MODE = wholemodule;
				SWIFT_OPTIMIZATION_LEVEL = "-O";
				VALIDATE_PRODUCT = YES;
			};
			name = Release;
		};
		F5600EC027FECAF60088B771 /* Debug */ = {
			isa = XCBuildConfiguration;
			baseConfigurationReference = 388A9B735FC04C0CDB21CB0B /* Pods-Mega-Pig.debug.xcconfig */;
			buildSettings = {
				ASSETCATALOG_COMPILER_APPICON_NAME = AppIcon;
				ASSETCATALOG_COMPILER_GLOBAL_ACCENT_COLOR_NAME = AccentColor;
				CODE_SIGN_STYLE = Automatic;
				CURRENT_PROJECT_VERSION = 1;
				DEVELOPMENT_ASSET_PATHS = "\"Mega-Pig/Preview Content\"";
				DEVELOPMENT_TEAM = P2UJWPTGRX;
				ENABLE_PREVIEWS = YES;
				GENERATE_INFOPLIST_FILE = YES;
				INFOPLIST_KEY_UIApplicationSceneManifest_Generation = YES;
				INFOPLIST_KEY_UIApplicationSupportsIndirectInputEvents = YES;
				INFOPLIST_KEY_UILaunchScreen_Generation = YES;
				INFOPLIST_KEY_UISupportedInterfaceOrientations_iPad = "UIInterfaceOrientationPortrait UIInterfaceOrientationPortraitUpsideDown UIInterfaceOrientationLandscapeLeft UIInterfaceOrientationLandscapeRight";
				INFOPLIST_KEY_UISupportedInterfaceOrientations_iPhone = "UIInterfaceOrientationPortrait UIInterfaceOrientationLandscapeLeft UIInterfaceOrientationLandscapeRight";
				LD_RUNPATH_SEARCH_PATHS = (
					"$(inherited)",
					"@executable_path/Frameworks",
				);
				MARKETING_VERSION = 1.0;
				PRODUCT_BUNDLE_IDENTIFIER = "developer.Toby.Mega-Pig";
				PRODUCT_NAME = "$(TARGET_NAME)";
				SWIFT_EMIT_LOC_STRINGS = YES;
				SWIFT_VERSION = 5.0;
				TARGETED_DEVICE_FAMILY = "1,2";
			};
			name = Debug;
		};
		F5600EC127FECAF60088B771 /* Release */ = {
			isa = XCBuildConfiguration;
			baseConfigurationReference = B55F4E562BB7BC08BCEC51A3 /* Pods-Mega-Pig.release.xcconfig */;
			buildSettings = {
				ASSETCATALOG_COMPILER_APPICON_NAME = AppIcon;
				ASSETCATALOG_COMPILER_GLOBAL_ACCENT_COLOR_NAME = AccentColor;
				CODE_SIGN_STYLE = Automatic;
				CURRENT_PROJECT_VERSION = 1;
				DEVELOPMENT_ASSET_PATHS = "\"Mega-Pig/Preview Content\"";
				DEVELOPMENT_TEAM = P2UJWPTGRX;
				ENABLE_PREVIEWS = YES;
				GENERATE_INFOPLIST_FILE = YES;
				INFOPLIST_KEY_UIApplicationSceneManifest_Generation = YES;
				INFOPLIST_KEY_UIApplicationSupportsIndirectInputEvents = YES;
				INFOPLIST_KEY_UILaunchScreen_Generation = YES;
				INFOPLIST_KEY_UISupportedInterfaceOrientations_iPad = "UIInterfaceOrientationPortrait UIInterfaceOrientationPortraitUpsideDown UIInterfaceOrientationLandscapeLeft UIInterfaceOrientationLandscapeRight";
				INFOPLIST_KEY_UISupportedInterfaceOrientations_iPhone = "UIInterfaceOrientationPortrait UIInterfaceOrientationLandscapeLeft UIInterfaceOrientationLandscapeRight";
				LD_RUNPATH_SEARCH_PATHS = (
					"$(inherited)",
					"@executable_path/Frameworks",
				);
				MARKETING_VERSION = 1.0;
				PRODUCT_BUNDLE_IDENTIFIER = "developer.Toby.Mega-Pig";
				PRODUCT_NAME = "$(TARGET_NAME)";
				SWIFT_EMIT_LOC_STRINGS = YES;
				SWIFT_VERSION = 5.0;
				TARGETED_DEVICE_FAMILY = "1,2";
			};
			name = Release;
		};
/* End XCBuildConfiguration section */

/* Begin XCConfigurationList section */
		F5600EAC27FECAF60088B771 /* Build configuration list for PBXProject "Mega-Pig" */ = {
			isa = XCConfigurationList;
			buildConfigurations = (
				F5600EBD27FECAF60088B771 /* Debug */,
				F5600EBE27FECAF60088B771 /* Release */,
			);
			defaultConfigurationIsVisible = 0;
			defaultConfigurationName = Release;
		};
		F5600EBF27FECAF60088B771 /* Build configuration list for PBXNativeTarget "Mega-Pig" */ = {
			isa = XCConfigurationList;
			buildConfigurations = (
				F5600EC027FECAF60088B771 /* Debug */,
				F5600EC127FECAF60088B771 /* Release */,
			);
			defaultConfigurationIsVisible = 0;
			defaultConfigurationName = Release;
		};
/* End XCConfigurationList section */
	};
	rootObject = F5600EA927FECAF60088B771 /* Project object */;
}
